// !$*UTF8*$!
{
	archiveVersion = 1;
	classes = {
	};
	objectVersion = 46;
	objects = {

/* Begin PBXBuildFile section */
		DA75CD7F1E0864D8000E630C /* file_out.cpp in Sources */ = {isa = PBXBuildFile; fileRef = DA75CD7E1E0864D8000E630C /* file_out.cpp */; };
		DA75CD821E0A0BA9000E630C /* file_out.h in Sources */ = {isa = PBXBuildFile; fileRef = DA75CD7D1E0861AF000E630C /* file_out.h */; };
		DA75CD851E0A365B000E630C /* myclass.cpp in Sources */ = {isa = PBXBuildFile; fileRef = DA75CD831E0A365B000E630C /* myclass.cpp */; };
		DA75CD861E0A44B2000E630C /* myclass.h in Sources */ = {isa = PBXBuildFile; fileRef = DA75CD841E0A365B000E630C /* myclass.h */; };
		DA75CD891E0AF743000E630C /* Person.cpp in Sources */ = {isa = PBXBuildFile; fileRef = DA75CD871E0AF742000E630C /* Person.cpp */; };
		DA75CD8C1E0AF751000E630C /* Birthday.cpp in Sources */ = {isa = PBXBuildFile; fileRef = DA75CD8A1E0AF751000E630C /* Birthday.cpp */; };
		DA75CD8D1E0B0CD3000E630C /* Person.hpp in Sources */ = {isa = PBXBuildFile; fileRef = DA75CD881E0AF743000E630C /* Person.hpp */; };
		DA75CD8E1E0B0CD3000E630C /* Birthday.hpp in Sources */ = {isa = PBXBuildFile; fileRef = DA75CD8B1E0AF751000E630C /* Birthday.hpp */; };
		DAA46DD61E04DADB0087F17C /* main.cpp in Sources */ = {isa = PBXBuildFile; fileRef = DAA46DD51E04DADB0087F17C /* main.cpp */; };
/* End PBXBuildFile section */

/* Begin PBXCopyFilesBuildPhase section */
		DAA46DD01E04DADA0087F17C /* CopyFiles */ = {
			isa = PBXCopyFilesBuildPhase;
			buildActionMask = 2147483647;
			dstPath = /usr/share/man/man1/;
			dstSubfolderSpec = 0;
			files = (
			);
			runOnlyForDeploymentPostprocessing = 1;
		};
/* End PBXCopyFilesBuildPhase section */

/* Begin PBXFileReference section */
		DA75CD7D1E0861AF000E630C /* file_out.h */ = {isa = PBXFileReference; lastKnownFileType = sourcecode.c.h; path = file_out.h; sourceTree = "<group>"; };
		DA75CD7E1E0864D8000E630C /* file_out.cpp */ = {isa = PBXFileReference; fileEncoding = 4; lastKnownFileType = sourcecode.cpp.cpp; path = file_out.cpp; sourceTree = "<group>"; };
		DA75CD801E089E23000E630C /* References.cpp */ = {isa = PBXFileReference; fileEncoding = 4; lastKnownFileType = sourcecode.cpp.cpp; name = References.cpp; path = ../References.cpp; sourceTree = "<group>"; };
		DA75CD831E0A365B000E630C /* myclass.cpp */ = {isa = PBXFileReference; fileEncoding = 4; lastKnownFileType = sourcecode.cpp.cpp; path = myclass.cpp; sourceTree = "<group>"; };
		DA75CD841E0A365B000E630C /* myclass.h */ = {isa = PBXFileReference; fileEncoding = 4; lastKnownFileType = sourcecode.c.h; path = myclass.h; sourceTree = "<group>"; };
		DA75CD871E0AF742000E630C /* Person.cpp */ = {isa = PBXFileReference; fileEncoding = 4; lastKnownFileType = sourcecode.cpp.cpp; path = Person.cpp; sourceTree = "<group>"; };
		DA75CD881E0AF743000E630C /* Person.hpp */ = {isa = PBXFileReference; fileEncoding = 4; lastKnownFileType = sourcecode.cpp.h; path = Person.hpp; sourceTree = "<group>"; };
		DA75CD8A1E0AF751000E630C /* Birthday.cpp */ = {isa = PBXFileReference; fileEncoding = 4; lastKnownFileType = sourcecode.cpp.cpp; path = Birthday.cpp; sourceTree = "<group>"; };
		DA75CD8B1E0AF751000E630C /* Birthday.hpp */ = {isa = PBXFileReference; fileEncoding = 4; lastKnownFileType = sourcecode.cpp.h; path = Birthday.hpp; sourceTree = "<group>"; };
		DAA46DD21E04DADB0087F17C /* Learning */ = {isa = PBXFileReference; explicitFileType = "compiled.mach-o.executable"; includeInIndex = 0; path = Learning; sourceTree = BUILT_PRODUCTS_DIR; };
		DAA46DD51E04DADB0087F17C /* main.cpp */ = {isa = PBXFileReference; lastKnownFileType = sourcecode.cpp.cpp; path = main.cpp; sourceTree = "<group>"; };
/* End PBXFileReference section */

/* Begin PBXFrameworksBuildPhase section */
		DAA46DCF1E04DADA0087F17C /* Frameworks */ = {
			isa = PBXFrameworksBuildPhase;
			buildActionMask = 2147483647;
			files = (
			);
			runOnlyForDeploymentPostprocessing = 0;
		};
/* End PBXFrameworksBuildPhase section */

/* Begin PBXGroup section */
		DAA46DC91E04DADA0087F17C = {
			isa = PBXGroup;
			children = (
				DAA46DD41E04DADB0087F17C /* Learning */,
				DAA46DD31E04DADB0087F17C /* Products */,
			);
			sourceTree = "<group>";
		};
		DAA46DD31E04DADB0087F17C /* Products */ = {
			isa = PBXGroup;
			children = (
				DAA46DD21E04DADB0087F17C /* Learning */,
			);
			name = Products;
			sourceTree = "<group>";
		};
		DAA46DD41E04DADB0087F17C /* Learning */ = {
			isa = PBXGroup;
			children = (
				DA75CD801E089E23000E630C /* References.cpp */,
				DAA46DD51E04DADB0087F17C /* main.cpp */,
				DA75CD7D1E0861AF000E630C /* file_out.h */,
				DA75CD7E1E0864D8000E630C /* file_out.cpp */,
				DA75CD831E0A365B000E630C /* myclass.cpp */,
				DA75CD841E0A365B000E630C /* myclass.h */,
				DA75CD871E0AF742000E630C /* Person.cpp */,
				DA75CD881E0AF743000E630C /* Person.hpp */,
				DA75CD8A1E0AF751000E630C /* Birthday.cpp */,
				DA75CD8B1E0AF751000E630C /* Birthday.hpp */,
			);
			path = Learning;
			sourceTree = "<group>";
		};
/* End PBXGroup section */

/* Begin PBXNativeTarget section */
		DAA46DD11E04DADA0087F17C /* Learning */ = {
			isa = PBXNativeTarget;
			buildConfigurationList = DAA46DD91E04DADB0087F17C /* Build configuration list for PBXNativeTarget "Learning" */;
			buildPhases = (
				DAA46DCE1E04DADA0087F17C /* Sources */,
				DAA46DCF1E04DADA0087F17C /* Frameworks */,
				DAA46DD01E04DADA0087F17C /* CopyFiles */,
			);
			buildRules = (
			);
			dependencies = (
			);
			name = Learning;
			productName = Learning;
			productReference = DAA46DD21E04DADB0087F17C /* Learning */;
			productType = "com.apple.product-type.tool";
		};
/* End PBXNativeTarget section */

/* Begin PBXProject section */
		DAA46DCA1E04DADA0087F17C /* Project object */ = {
			isa = PBXProject;
			attributes = {
				LastUpgradeCheck = 0820;
				ORGANIZATIONNAME = Kanonymous;
				TargetAttributes = {
					DAA46DD11E04DADA0087F17C = {
						CreatedOnToolsVersion = 8.2;
						ProvisioningStyle = Automatic;
					};
				};
			};
			buildConfigurationList = DAA46DCD1E04DADA0087F17C /* Build configuration list for PBXProject "Learning" */;
			compatibilityVersion = "Xcode 3.2";
			developmentRegion = English;
			hasScannedForEncodings = 0;
			knownRegions = (
				en,
			);
			mainGroup = DAA46DC91E04DADA0087F17C;
			productRefGroup = DAA46DD31E04DADB0087F17C /* Products */;
			projectDirPath = "";
			projectRoot = "";
			targets = (
				DAA46DD11E04DADA0087F17C /* Learning */,
			);
		};
/* End PBXProject section */

/* Begin PBXSourcesBuildPhase section */
		DAA46DCE1E04DADA0087F17C /* Sources */ = {
			isa = PBXSourcesBuildPhase;
			buildActionMask = 2147483647;
			files = (
				DA75CD8D1E0B0CD3000E630C /* Person.hpp in Sources */,
				DA75CD8E1E0B0CD3000E630C /* Birthday.hpp in Sources */,
				DA75CD8C1E0AF751000E630C /* Birthday.cpp in Sources */,
				DA75CD861E0A44B2000E630C /* myclass.h in Sources */,
				DA75CD851E0A365B000E630C /* myclass.cpp in Sources */,
				DA75CD821E0A0BA9000E630C /* file_out.h in Sources */,
				DA75CD7F1E0864D8000E630C /* file_out.cpp in Sources */,
				DA75CD891E0AF743000E630C /* Person.cpp in Sources */,
				DAA46DD61E04DADB0087F17C /* main.cpp in Sources */,
			);
			runOnlyForDeploymentPostprocessing = 0;
		};
/* End PBXSourcesBuildPhase section */

/* Begin XCBuildConfiguration section */
		DAA46DD71E04DADB0087F17C /* Debug */ = {
			isa = XCBuildConfiguration;
			buildSettings = {
				ALWAYS_SEARCH_USER_PATHS = NO;
				CLANG_ANALYZER_NONNULL = YES;
				CLANG_CXX_LANGUAGE_STANDARD = "gnu++0x";
				CLANG_CXX_LIBRARY = "libc++";
				CLANG_ENABLE_MODULES = YES;
				CLANG_ENABLE_OBJC_ARC = YES;
				CLANG_WARN_BOOL_CONVERSION = YES;
				CLANG_WARN_CONSTANT_CONVERSION = YES;
				CLANG_WARN_DIRECT_OBJC_ISA_USAGE = YES_ERROR;
				CLANG_WARN_DOCUMENTATION_COMMENTS = YES;
				CLANG_WARN_EMPTY_BODY = YES;
				CLANG_WARN_ENUM_CONVERSION = YES;
				CLANG_WARN_INFINITE_RECURSION = YES;
				CLANG_WARN_INT_CONVERSION = YES;
				CLANG_WARN_OBJC_ROOT_CLASS = YES_ERROR;
				CLANG_WARN_SUSPICIOUS_MOVE = YES;
				CLANG_WARN_UNREACHABLE_CODE = YES;
				CLANG_WARN__DUPLICATE_METHOD_MATCH = YES;
				CODE_SIGN_IDENTITY = "-";
				COPY_PHASE_STRIP = NO;
				DEBUG_INFORMATION_FORMAT = dwarf;
				ENABLE_STRICT_OBJC_MSGSEND = YES;
				ENABLE_TESTABILITY = YES;
				GCC_C_LANGUAGE_STANDARD = gnu99;
				GCC_DYNAMIC_NO_PIC = NO;
				GCC_NO_COMMON_BLOCKS = YES;
				GCC_OPTIMIZATION_LEVEL = 0;
				GCC_PREPROCESSOR_DEFINITIONS = (
					"DEBUG=1",
					"$(inherited)",
				);
				GCC_WARN_64_TO_32_BIT_CONVERSION = YES;
				GCC_WARN_ABOUT_RETURN_TYPE = YES_ERROR;
				GCC_WARN_UNDECLARED_SELECTOR = YES;
				GCC_WARN_UNINITIALIZED_AUTOS = YES_AGGRESSIVE;
				GCC_WARN_UNUSED_FUNCTION = YES;
				GCC_WARN_UNUSED_VARIABLE = YES;
				MACOSX_DEPLOYMENT_TARGET = 10.12;
				MTL_ENABLE_DEBUG_INFO = YES;
				ONLY_ACTIVE_ARCH = YES;
				SDKROOT = macosx;
			};
			name = Debug;
		};
		DAA46DD81E04DADB0087F17C /* Release */ = {
			isa = XCBuildConfiguration;
			buildSettings = {
				ALWAYS_SEARCH_USER_PATHS = NO;
				CLANG_ANALYZER_NONNULL = YES;
				CLANG_CXX_LANGUAGE_STANDARD = "gnu++0x";
				CLANG_CXX_LIBRARY = "libc++";
				CLANG_ENABLE_MODULES = YES;
				CLANG_ENABLE_OBJC_ARC = YES;
				CLANG_WARN_BOOL_CONVERSION = YES;
				CLANG_WARN_CONSTANT_CONVERSION = YES;
				CLANG_WARN_DIRECT_OBJC_ISA_USAGE = YES_ERROR;
				CLANG_WARN_DOCUMENTATION_COMMENTS = YES;
				CLANG_WARN_EMPTY_BODY = YES;
				CLANG_WARN_ENUM_CONVERSION = YES;
				CLANG_WARN_INFINITE_RECURSION = YES;
				CLANG_WARN_INT_CONVERSION = YES;
				CLANG_WARN_OBJC_ROOT_CLASS = YES_ERROR;
				CLANG_WARN_SUSPICIOUS_MOVE = YES;
				CLANG_WARN_UNREACHABLE_CODE = YES;
				CLANG_WARN__DUPLICATE_METHOD_MATCH = YES;
				CODE_SIGN_IDENTITY = "-";
				COPY_PHASE_STRIP = NO;
				DEBUG_INFORMATION_FORMAT = "dwarf-with-dsym";
				ENABLE_NS_ASSERTIONS = NO;
				ENABLE_STRICT_OBJC_MSGSEND = YES;
				GCC_C_LANGUAGE_STANDARD = gnu99;
				GCC_NO_COMMON_BLOCKS = YES;
				GCC_WARN_64_TO_32_BIT_CONVERSION = YES;
				GCC_WARN_ABOUT_RETURN_TYPE = YES_ERROR;
				GCC_WARN_UNDECLARED_SELECTOR = YES;
				GCC_WARN_UNINITIALIZED_AUTOS = YES_AGGRESSIVE;
				GCC_WARN_UNUSED_FUNCTION = YES;
				GCC_WARN_UNUSED_VARIABLE = YES;
				MACOSX_DEPLOYMENT_TARGET = 10.12;
				MTL_ENABLE_DEBUG_INFO = NO;
				SDKROOT = macosx;
			};
			name = Release;
		};
		DAA46DDA1E04DADB0087F17C /* Debug */ = {
			isa = XCBuildConfiguration;
			buildSettings = {
				PRODUCT_NAME = "$(TARGET_NAME)";
			};
			name = Debug;
		};
		DAA46DDB1E04DADB0087F17C /* Release */ = {
			isa = XCBuildConfiguration;
			buildSettings = {
				PRODUCT_NAME = "$(TARGET_NAME)";
			};
			name = Release;
		};
/* End XCBuildConfiguration section */

/* Begin XCConfigurationList section */
		DAA46DCD1E04DADA0087F17C /* Build configuration list for PBXProject "Learning" */ = {
			isa = XCConfigurationList;
			buildConfigurations = (
				DAA46DD71E04DADB0087F17C /* Debug */,
				DAA46DD81E04DADB0087F17C /* Release */,
			);
			defaultConfigurationIsVisible = 0;
			defaultConfigurationName = Release;
		};
		DAA46DD91E04DADB0087F17C /* Build configuration list for PBXNativeTarget "Learning" */ = {
			isa = XCConfigurationList;
			buildConfigurations = (
				DAA46DDA1E04DADB0087F17C /* Debug */,
				DAA46DDB1E04DADB0087F17C /* Release */,
			);
			defaultConfigurationIsVisible = 0;
			defaultConfigurationName = Release;
		};
/* End XCConfigurationList section */
	};
	rootObject = DAA46DCA1E04DADA0087F17C /* Project object */;
}
